// !$*UTF8*$!
{
	archiveVersion = 1;
	classes = {
	};
	objectVersion = 46;
	objects = {

/* Begin PBXBuildFile section */
		0156BC191C69807200B6FE4D /* main.m in Sources */ = {isa = PBXBuildFile; fileRef = 0156BC181C69807200B6FE4D /* main.m */; };
		0156BC1C1C69807200B6FE4D /* AppDelegate.m in Sources */ = {isa = PBXBuildFile; fileRef = 0156BC1B1C69807200B6FE4D /* AppDelegate.m */; };
		0156BC1F1C69807200B6FE4D /* ViewController.m in Sources */ = {isa = PBXBuildFile; fileRef = 0156BC1E1C69807200B6FE4D /* ViewController.m */; };
		0156BC221C69807200B6FE4D /* Main.storyboard in Resources */ = {isa = PBXBuildFile; fileRef = 0156BC201C69807200B6FE4D /* Main.storyboard */; };
		0156BC241C69807200B6FE4D /* Assets.xcassets in Resources */ = {isa = PBXBuildFile; fileRef = 0156BC231C69807200B6FE4D /* Assets.xcassets */; };
		0156BC271C69807200B6FE4D /* LaunchScreen.storyboard in Resources */ = {isa = PBXBuildFile; fileRef = 0156BC251C69807200B6FE4D /* LaunchScreen.storyboard */; };
		0156BC471C69989A00B6FE4D /* WDAd.m in Sources */ = {isa = PBXBuildFile; fileRef = 0156BC301C69989A00B6FE4D /* WDAd.m */; };
		0156BC481C69989A00B6FE4D /* WDBag.m in Sources */ = {isa = PBXBuildFile; fileRef = 0156BC321C69989A00B6FE4D /* WDBag.m */; };
		0156BC491C69989A00B6FE4D /* WDBaseObject.m in Sources */ = {isa = PBXBuildFile; fileRef = 0156BC341C69989A00B6FE4D /* WDBaseObject.m */; };
		0156BC4A1C69989A00B6FE4D /* WDBook.m in Sources */ = {isa = PBXBuildFile; fileRef = 0156BC361C69989A00B6FE4D /* WDBook.m */; };
		0156BC4B1C69989A00B6FE4D /* WDBox.m in Sources */ = {isa = PBXBuildFile; fileRef = 0156BC381C69989A00B6FE4D /* WDBox.m */; };
		0156BC4C1C69989A00B6FE4D /* WDDog.m in Sources */ = {isa = PBXBuildFile; fileRef = 0156BC3A1C69989A00B6FE4D /* WDDog.m */; };
		0156BC4F1C69989A00B6FE4D /* WDStatus.m in Sources */ = {isa = PBXBuildFile; fileRef = 0156BC401C69989A00B6FE4D /* WDStatus.m */; };
		0156BC501C69989A00B6FE4D /* WDStatusResult.m in Sources */ = {isa = PBXBuildFile; fileRef = 0156BC421C69989A00B6FE4D /* WDStatusResult.m */; };
		0156BC511C69989A00B6FE4D /* WDStudent.m in Sources */ = {isa = PBXBuildFile; fileRef = 0156BC441C69989A00B6FE4D /* WDStudent.m */; };
		0156BC521C69989A00B6FE4D /* WDUser.m in Sources */ = {isa = PBXBuildFile; fileRef = 0156BC461C69989A00B6FE4D /* WDUser.m */; };
		0156BC8A1C69A09400B6FE4D /* libsqlite3.dylib in Frameworks */ = {isa = PBXBuildFile; fileRef = 0156BC891C69A09400B6FE4D /* libsqlite3.dylib */; };
		017D82841C75667900D224CD /* image_01.png in Resources */ = {isa = PBXBuildFile; fileRef = 017D827F1C75667900D224CD /* image_01.png */; };
		017D82851C75667900D224CD /* image_02.png in Resources */ = {isa = PBXBuildFile; fileRef = 017D82801C75667900D224CD /* image_02.png */; };
		017D82861C75667900D224CD /* image_03.png in Resources */ = {isa = PBXBuildFile; fileRef = 017D82811C75667900D224CD /* image_03.png */; };
		017D82871C75667900D224CD /* image_04.png in Resources */ = {isa = PBXBuildFile; fileRef = 017D82821C75667900D224CD /* image_04.png */; };
		017D82881C75667900D224CD /* image_05.png in Resources */ = {isa = PBXBuildFile; fileRef = 017D82831C75667900D224CD /* image_05.png */; };
		01F46A571D33FF4200205B1E /* NSDate+WDJsonKit.m in Sources */ = {isa = PBXBuildFile; fileRef = 01F46A2C1D33FF4200205B1E /* NSDate+WDJsonKit.m */; };
		01F46A581D33FF4200205B1E /* NSObject+WDJsonKit.m in Sources */ = {isa = PBXBuildFile; fileRef = 01F46A2E1D33FF4200205B1E /* NSObject+WDJsonKit.m */; };
		01F46A591D33FF4200205B1E /* NSString+WDJsonKit.m in Sources */ = {isa = PBXBuildFile; fileRef = 01F46A301D33FF4200205B1E /* NSString+WDJsonKit.m */; };
		01F46A5A1D33FF4200205B1E /* WDClassInfo.m in Sources */ = {isa = PBXBuildFile; fileRef = 01F46A331D33FF4200205B1E /* WDClassInfo.m */; };
		01F46A5B1D33FF4200205B1E /* WDMappingKey.m in Sources */ = {isa = PBXBuildFile; fileRef = 01F46A351D33FF4200205B1E /* WDMappingKey.m */; };
		01F46A5C1D33FF4200205B1E /* WDPropertyInfo.m in Sources */ = {isa = PBXBuildFile; fileRef = 01F46A371D33FF4200205B1E /* WDPropertyInfo.m */; };
		01F46A5D1D33FF4200205B1E /* WDPropertyTypeInfo.m in Sources */ = {isa = PBXBuildFile; fileRef = 01F46A391D33FF4200205B1E /* WDPropertyTypeInfo.m */; };
		01F46A5E1D33FF4200205B1E /* WDJsonKitConst.m in Sources */ = {isa = PBXBuildFile; fileRef = 01F46A3C1D33FF4200205B1E /* WDJsonKitConst.m */; };
		01F46A5F1D33FF4200205B1E /* WDDBOperation.m in Sources */ = {isa = PBXBuildFile; fileRef = 01F46A3F1D33FF4200205B1E /* WDDBOperation.m */; };
		01F46A661D33FF4200205B1E /* WDFMDBManager.m in Sources */ = {isa = PBXBuildFile; fileRef = 01F46A4F1D33FF4200205B1E /* WDFMDBManager.m */; };
		01F46A671D33FF4200205B1E /* WDJsonKitManager.m in Sources */ = {isa = PBXBuildFile; fileRef = 01F46A511D33FF4200205B1E /* WDJsonKitManager.m */; };
		01F46A681D33FF4200205B1E /* WDJsonKitCache.m in Sources */ = {isa = PBXBuildFile; fileRef = 01F46A561D33FF4200205B1E /* WDJsonKitCache.m */; };
		01F46A751D3400B900205B1E /* FMDatabase.m in Sources */ = {isa = PBXBuildFile; fileRef = 01F46A6B1D3400B900205B1E /* FMDatabase.m */; };
		01F46A761D3400B900205B1E /* FMDatabaseAdditions.m in Sources */ = {isa = PBXBuildFile; fileRef = 01F46A6D1D3400B900205B1E /* FMDatabaseAdditions.m */; };
		01F46A771D3400B900205B1E /* FMDatabasePool.m in Sources */ = {isa = PBXBuildFile; fileRef = 01F46A6F1D3400B900205B1E /* FMDatabasePool.m */; };
		01F46A781D3400B900205B1E /* FMDatabaseQueue.m in Sources */ = {isa = PBXBuildFile; fileRef = 01F46A711D3400B900205B1E /* FMDatabaseQueue.m */; };
		01F46A791D3400B900205B1E /* FMResultSet.m in Sources */ = {isa = PBXBuildFile; fileRef = 01F46A741D3400B900205B1E /* FMResultSet.m */; };
/* End PBXBuildFile section */

/* Begin PBXFileReference section */
		0156BC141C69807200B6FE4D /* WDJsonKit.app */ = {isa = PBXFileReference; explicitFileType = wrapper.application; includeInIndex = 0; path = WDJsonKit.app; sourceTree = BUILT_PRODUCTS_DIR; };
		0156BC181C69807200B6FE4D /* main.m */ = {isa = PBXFileReference; lastKnownFileType = sourcecode.c.objc; path = main.m; sourceTree = "<group>"; };
		0156BC1A1C69807200B6FE4D /* AppDelegate.h */ = {isa = PBXFileReference; lastKnownFileType = sourcecode.c.h; path = AppDelegate.h; sourceTree = "<group>"; };
		0156BC1B1C69807200B6FE4D /* AppDelegate.m */ = {isa = PBXFileReference; lastKnownFileType = sourcecode.c.objc; path = AppDelegate.m; sourceTree = "<group>"; };
		0156BC1D1C69807200B6FE4D /* ViewController.h */ = {isa = PBXFileReference; lastKnownFileType = sourcecode.c.h; path = ViewController.h; sourceTree = "<group>"; };
		0156BC1E1C69807200B6FE4D /* ViewController.m */ = {isa = PBXFileReference; lastKnownFileType = sourcecode.c.objc; path = ViewController.m; sourceTree = "<group>"; };
		0156BC211C69807200B6FE4D /* Base */ = {isa = PBXFileReference; lastKnownFileType = file.storyboard; name = Base; path = Base.lproj/Main.storyboard; sourceTree = "<group>"; };
		0156BC231C69807200B6FE4D /* Assets.xcassets */ = {isa = PBXFileReference; lastKnownFileType = folder.assetcatalog; path = Assets.xcassets; sourceTree = "<group>"; };
		0156BC261C69807200B6FE4D /* Base */ = {isa = PBXFileReference; lastKnownFileType = file.storyboard; name = Base; path = Base.lproj/LaunchScreen.storyboard; sourceTree = "<group>"; };
		0156BC281C69807200B6FE4D /* Info.plist */ = {isa = PBXFileReference; lastKnownFileType = text.plist.xml; path = Info.plist; sourceTree = "<group>"; };
		0156BC2F1C69989A00B6FE4D /* WDAd.h */ = {isa = PBXFileReference; fileEncoding = 4; lastKnownFileType = sourcecode.c.h; path = WDAd.h; sourceTree = "<group>"; };
		0156BC301C69989A00B6FE4D /* WDAd.m */ = {isa = PBXFileReference; fileEncoding = 4; lastKnownFileType = sourcecode.c.objc; path = WDAd.m; sourceTree = "<group>"; };
		0156BC311C69989A00B6FE4D /* WDBag.h */ = {isa = PBXFileReference; fileEncoding = 4; lastKnownFileType = sourcecode.c.h; path = WDBag.h; sourceTree = "<group>"; };
		0156BC321C69989A00B6FE4D /* WDBag.m */ = {isa = PBXFileReference; fileEncoding = 4; lastKnownFileType = sourcecode.c.objc; path = WDBag.m; sourceTree = "<group>"; };
		0156BC331C69989A00B6FE4D /* WDBaseObject.h */ = {isa = PBXFileReference; fileEncoding = 4; lastKnownFileType = sourcecode.c.h; path = WDBaseObject.h; sourceTree = "<group>"; };
		0156BC341C69989A00B6FE4D /* WDBaseObject.m */ = {isa = PBXFileReference; fileEncoding = 4; lastKnownFileType = sourcecode.c.objc; path = WDBaseObject.m; sourceTree = "<group>"; };
		0156BC351C69989A00B6FE4D /* WDBook.h */ = {isa = PBXFileReference; fileEncoding = 4; lastKnownFileType = sourcecode.c.h; path = WDBook.h; sourceTree = "<group>"; };
		0156BC361C69989A00B6FE4D /* WDBook.m */ = {isa = PBXFileReference; fileEncoding = 4; lastKnownFileType = sourcecode.c.objc; path = WDBook.m; sourceTree = "<group>"; };
		0156BC371C69989A00B6FE4D /* WDBox.h */ = {isa = PBXFileReference; fileEncoding = 4; lastKnownFileType = sourcecode.c.h; path = WDBox.h; sourceTree = "<group>"; };
		0156BC381C69989A00B6FE4D /* WDBox.m */ = {isa = PBXFileReference; fileEncoding = 4; lastKnownFileType = sourcecode.c.objc; path = WDBox.m; sourceTree = "<group>"; };
		0156BC391C69989A00B6FE4D /* WDDog.h */ = {isa = PBXFileReference; fileEncoding = 4; lastKnownFileType = sourcecode.c.h; path = WDDog.h; sourceTree = "<group>"; };
		0156BC3A1C69989A00B6FE4D /* WDDog.m */ = {isa = PBXFileReference; fileEncoding = 4; lastKnownFileType = sourcecode.c.objc; path = WDDog.m; sourceTree = "<group>"; };
		0156BC3F1C69989A00B6FE4D /* WDStatus.h */ = {isa = PBXFileReference; fileEncoding = 4; lastKnownFileType = sourcecode.c.h; path = WDStatus.h; sourceTree = "<group>"; };
		0156BC401C69989A00B6FE4D /* WDStatus.m */ = {isa = PBXFileReference; fileEncoding = 4; lastKnownFileType = sourcecode.c.objc; path = WDStatus.m; sourceTree = "<group>"; };
		0156BC411C69989A00B6FE4D /* WDStatusResult.h */ = {isa = PBXFileReference; fileEncoding = 4; lastKnownFileType = sourcecode.c.h; path = WDStatusResult.h; sourceTree = "<group>"; };
		0156BC421C69989A00B6FE4D /* WDStatusResult.m */ = {isa = PBXFileReference; fileEncoding = 4; lastKnownFileType = sourcecode.c.objc; path = WDStatusResult.m; sourceTree = "<group>"; };
		0156BC431C69989A00B6FE4D /* WDStudent.h */ = {isa = PBXFileReference; fileEncoding = 4; lastKnownFileType = sourcecode.c.h; path = WDStudent.h; sourceTree = "<group>"; };
		0156BC441C69989A00B6FE4D /* WDStudent.m */ = {isa = PBXFileReference; fileEncoding = 4; lastKnownFileType = sourcecode.c.objc; path = WDStudent.m; sourceTree = "<group>"; };
		0156BC451C69989A00B6FE4D /* WDUser.h */ = {isa = PBXFileReference; fileEncoding = 4; lastKnownFileType = sourcecode.c.h; path = WDUser.h; sourceTree = "<group>"; };
		0156BC461C69989A00B6FE4D /* WDUser.m */ = {isa = PBXFileReference; fileEncoding = 4; lastKnownFileType = sourcecode.c.objc; path = WDUser.m; sourceTree = "<group>"; };
		0156BC6D1C6998FD00B6FE4D /* WDJsonKit.h */ = {isa = PBXFileReference; fileEncoding = 4; lastKnownFileType = sourcecode.c.h; path = WDJsonKit.h; sourceTree = "<group>"; };
		0156BC891C69A09400B6FE4D /* libsqlite3.dylib */ = {isa = PBXFileReference; lastKnownFileType = "compiled.mach-o.dylib"; name = libsqlite3.dylib; path = ../../../../../usr/lib/libsqlite3.dylib; sourceTree = "<group>"; };
		017D827F1C75667900D224CD /* image_01.png */ = {isa = PBXFileReference; lastKnownFileType = image.png; path = image_01.png; sourceTree = "<group>"; };
		017D82801C75667900D224CD /* image_02.png */ = {isa = PBXFileReference; lastKnownFileType = image.png; path = image_02.png; sourceTree = "<group>"; };
		017D82811C75667900D224CD /* image_03.png */ = {isa = PBXFileReference; lastKnownFileType = image.png; path = image_03.png; sourceTree = "<group>"; };
		017D82821C75667900D224CD /* image_04.png */ = {isa = PBXFileReference; lastKnownFileType = image.png; path = image_04.png; sourceTree = "<group>"; };
		017D82831C75667900D224CD /* image_05.png */ = {isa = PBXFileReference; lastKnownFileType = image.png; path = image_05.png; sourceTree = "<group>"; };
		01F46A2B1D33FF4200205B1E /* NSDate+WDJsonKit.h */ = {isa = PBXFileReference; fileEncoding = 4; lastKnownFileType = sourcecode.c.h; path = "NSDate+WDJsonKit.h"; sourceTree = "<group>"; };
		01F46A2C1D33FF4200205B1E /* NSDate+WDJsonKit.m */ = {isa = PBXFileReference; fileEncoding = 4; lastKnownFileType = sourcecode.c.objc; path = "NSDate+WDJsonKit.m"; sourceTree = "<group>"; };
		01F46A2D1D33FF4200205B1E /* NSObject+WDJsonKit.h */ = {isa = PBXFileReference; fileEncoding = 4; lastKnownFileType = sourcecode.c.h; path = "NSObject+WDJsonKit.h"; sourceTree = "<group>"; };
		01F46A2E1D33FF4200205B1E /* NSObject+WDJsonKit.m */ = {isa = PBXFileReference; fileEncoding = 4; lastKnownFileType = sourcecode.c.objc; path = "NSObject+WDJsonKit.m"; sourceTree = "<group>"; };
		01F46A2F1D33FF4200205B1E /* NSString+WDJsonKit.h */ = {isa = PBXFileReference; fileEncoding = 4; lastKnownFileType = sourcecode.c.h; path = "NSString+WDJsonKit.h"; sourceTree = "<group>"; };
		01F46A301D33FF4200205B1E /* NSString+WDJsonKit.m */ = {isa = PBXFileReference; fileEncoding = 4; lastKnownFileType = sourcecode.c.objc; path = "NSString+WDJsonKit.m"; sourceTree = "<group>"; };
		01F46A321D33FF4200205B1E /* WDClassInfo.h */ = {isa = PBXFileReference; fileEncoding = 4; lastKnownFileType = sourcecode.c.h; path = WDClassInfo.h; sourceTree = "<group>"; };
		01F46A331D33FF4200205B1E /* WDClassInfo.m */ = {isa = PBXFileReference; fileEncoding = 4; lastKnownFileType = sourcecode.c.objc; path = WDClassInfo.m; sourceTree = "<group>"; };
		01F46A341D33FF4200205B1E /* WDMappingKey.h */ = {isa = PBXFileReference; fileEncoding = 4; lastKnownFileType = sourcecode.c.h; path = WDMappingKey.h; sourceTree = "<group>"; };
		01F46A351D33FF4200205B1E /* WDMappingKey.m */ = {isa = PBXFileReference; fileEncoding = 4; lastKnownFileType = sourcecode.c.objc; path = WDMappingKey.m; sourceTree = "<group>"; };
		01F46A361D33FF4200205B1E /* WDPropertyInfo.h */ = {isa = PBXFileReference; fileEncoding = 4; lastKnownFileType = sourcecode.c.h; path = WDPropertyInfo.h; sourceTree = "<group>"; };
		01F46A371D33FF4200205B1E /* WDPropertyInfo.m */ = {isa = PBXFileReference; fileEncoding = 4; lastKnownFileType = sourcecode.c.objc; path = WDPropertyInfo.m; sourceTree = "<group>"; };
		01F46A381D33FF4200205B1E /* WDPropertyTypeInfo.h */ = {isa = PBXFileReference; fileEncoding = 4; lastKnownFileType = sourcecode.c.h; path = WDPropertyTypeInfo.h; sourceTree = "<group>"; };
		01F46A391D33FF4200205B1E /* WDPropertyTypeInfo.m */ = {isa = PBXFileReference; fileEncoding = 4; lastKnownFileType = sourcecode.c.objc; path = WDPropertyTypeInfo.m; sourceTree = "<group>"; };
		01F46A3B1D33FF4200205B1E /* WDJsonKitConst.h */ = {isa = PBXFileReference; fileEncoding = 4; lastKnownFileType = sourcecode.c.h; path = WDJsonKitConst.h; sourceTree = "<group>"; };
		01F46A3C1D33FF4200205B1E /* WDJsonKitConst.m */ = {isa = PBXFileReference; fileEncoding = 4; lastKnownFileType = sourcecode.c.objc; path = WDJsonKitConst.m; sourceTree = "<group>"; };
		01F46A3E1D33FF4200205B1E /* WDDBOperation.h */ = {isa = PBXFileReference; fileEncoding = 4; lastKnownFileType = sourcecode.c.h; path = WDDBOperation.h; sourceTree = "<group>"; };
		01F46A3F1D33FF4200205B1E /* WDDBOperation.m */ = {isa = PBXFileReference; fileEncoding = 4; lastKnownFileType = sourcecode.c.objc; path = WDDBOperation.m; sourceTree = "<group>"; };
		01F46A4E1D33FF4200205B1E /* WDFMDBManager.h */ = {isa = PBXFileReference; fileEncoding = 4; lastKnownFileType = sourcecode.c.h; path = WDFMDBManager.h; sourceTree = "<group>"; };
		01F46A4F1D33FF4200205B1E /* WDFMDBManager.m */ = {isa = PBXFileReference; fileEncoding = 4; lastKnownFileType = sourcecode.c.objc; path = WDFMDBManager.m; sourceTree = "<group>"; };
		01F46A501D33FF4200205B1E /* WDJsonKitManager.h */ = {isa = PBXFileReference; fileEncoding = 4; lastKnownFileType = sourcecode.c.h; path = WDJsonKitManager.h; sourceTree = "<group>"; };
		01F46A511D33FF4200205B1E /* WDJsonKitManager.m */ = {isa = PBXFileReference; fileEncoding = 4; lastKnownFileType = sourcecode.c.objc; path = WDJsonKitManager.m; sourceTree = "<group>"; };
		01F46A531D33FF4200205B1E /* WDJsonKitProtocol.h */ = {isa = PBXFileReference; fileEncoding = 4; lastKnownFileType = sourcecode.c.h; path = WDJsonKitProtocol.h; sourceTree = "<group>"; };
		01F46A551D33FF4200205B1E /* WDJsonKitCache.h */ = {isa = PBXFileReference; fileEncoding = 4; lastKnownFileType = sourcecode.c.h; path = WDJsonKitCache.h; sourceTree = "<group>"; };
		01F46A561D33FF4200205B1E /* WDJsonKitCache.m */ = {isa = PBXFileReference; fileEncoding = 4; lastKnownFileType = sourcecode.c.objc; path = WDJsonKitCache.m; sourceTree = "<group>"; };
		01F46A6A1D3400B900205B1E /* FMDatabase.h */ = {isa = PBXFileReference; fileEncoding = 4; lastKnownFileType = sourcecode.c.h; path = FMDatabase.h; sourceTree = "<group>"; };
		01F46A6B1D3400B900205B1E /* FMDatabase.m */ = {isa = PBXFileReference; fileEncoding = 4; lastKnownFileType = sourcecode.c.objc; path = FMDatabase.m; sourceTree = "<group>"; };
		01F46A6C1D3400B900205B1E /* FMDatabaseAdditions.h */ = {isa = PBXFileReference; fileEncoding = 4; lastKnownFileType = sourcecode.c.h; path = FMDatabaseAdditions.h; sourceTree = "<group>"; };
		01F46A6D1D3400B900205B1E /* FMDatabaseAdditions.m */ = {isa = PBXFileReference; fileEncoding = 4; lastKnownFileType = sourcecode.c.objc; path = FMDatabaseAdditions.m; sourceTree = "<group>"; };
		01F46A6E1D3400B900205B1E /* FMDatabasePool.h */ = {isa = PBXFileReference; fileEncoding = 4; lastKnownFileType = sourcecode.c.h; path = FMDatabasePool.h; sourceTree = "<group>"; };
		01F46A6F1D3400B900205B1E /* FMDatabasePool.m */ = {isa = PBXFileReference; fileEncoding = 4; lastKnownFileType = sourcecode.c.objc; path = FMDatabasePool.m; sourceTree = "<group>"; };
		01F46A701D3400B900205B1E /* FMDatabaseQueue.h */ = {isa = PBXFileReference; fileEncoding = 4; lastKnownFileType = sourcecode.c.h; path = FMDatabaseQueue.h; sourceTree = "<group>"; };
		01F46A711D3400B900205B1E /* FMDatabaseQueue.m */ = {isa = PBXFileReference; fileEncoding = 4; lastKnownFileType = sourcecode.c.objc; path = FMDatabaseQueue.m; sourceTree = "<group>"; };
		01F46A721D3400B900205B1E /* FMDB.h */ = {isa = PBXFileReference; fileEncoding = 4; lastKnownFileType = sourcecode.c.h; path = FMDB.h; sourceTree = "<group>"; };
		01F46A731D3400B900205B1E /* FMResultSet.h */ = {isa = PBXFileReference; fileEncoding = 4; lastKnownFileType = sourcecode.c.h; path = FMResultSet.h; sourceTree = "<group>"; };
		01F46A741D3400B900205B1E /* FMResultSet.m */ = {isa = PBXFileReference; fileEncoding = 4; lastKnownFileType = sourcecode.c.objc; path = FMResultSet.m; sourceTree = "<group>"; };
/* End PBXFileReference section */

/* Begin PBXFrameworksBuildPhase section */
		0156BC111C69807200B6FE4D /* Frameworks */ = {
			isa = PBXFrameworksBuildPhase;
			buildActionMask = 2147483647;
			files = (
				0156BC8A1C69A09400B6FE4D /* libsqlite3.dylib in Frameworks */,
			);
			runOnlyForDeploymentPostprocessing = 0;
		};
/* End PBXFrameworksBuildPhase section */

/* Begin PBXGroup section */
		0156BC0B1C69807200B6FE4D = {
			isa = PBXGroup;
			children = (
				0156BC891C69A09400B6FE4D /* libsqlite3.dylib */,
				0156BC161C69807200B6FE4D /* WDJsonKit */,
				0156BC151C69807200B6FE4D /* Products */,
			);
			sourceTree = "<group>";
		};
		0156BC151C69807200B6FE4D /* Products */ = {
			isa = PBXGroup;
			children = (
				0156BC141C69807200B6FE4D /* WDJsonKit.app */,
			);
			name = Products;
			sourceTree = "<group>";
		};
		0156BC161C69807200B6FE4D /* WDJsonKit */ = {
			isa = PBXGroup;
			children = (
				0156BC8F1C69AACA00B6FE4D /* Image */,
				0156BC531C6998FD00B6FE4D /* WDJsonKit */,
				0156BC2E1C69989A00B6FE4D /* Model */,
				0156BC1A1C69807200B6FE4D /* AppDelegate.h */,
				0156BC1B1C69807200B6FE4D /* AppDelegate.m */,
				0156BC1D1C69807200B6FE4D /* ViewController.h */,
				0156BC1E1C69807200B6FE4D /* ViewController.m */,
				0156BC201C69807200B6FE4D /* Main.storyboard */,
				0156BC231C69807200B6FE4D /* Assets.xcassets */,
				0156BC8B1C69A0BE00B6FE4D /* FrameWork */,
				0156BC251C69807200B6FE4D /* LaunchScreen.storyboard */,
				0156BC281C69807200B6FE4D /* Info.plist */,
				0156BC171C69807200B6FE4D /* Supporting Files */,
			);
			path = WDJsonKit;
			sourceTree = "<group>";
		};
		0156BC171C69807200B6FE4D /* Supporting Files */ = {
			isa = PBXGroup;
			children = (
				0156BC181C69807200B6FE4D /* main.m */,
			);
			name = "Supporting Files";
			sourceTree = "<group>";
		};
		0156BC2E1C69989A00B6FE4D /* Model */ = {
			isa = PBXGroup;
			children = (
				0156BC2F1C69989A00B6FE4D /* WDAd.h */,
				0156BC301C69989A00B6FE4D /* WDAd.m */,
				0156BC311C69989A00B6FE4D /* WDBag.h */,
				0156BC321C69989A00B6FE4D /* WDBag.m */,
				0156BC331C69989A00B6FE4D /* WDBaseObject.h */,
				0156BC341C69989A00B6FE4D /* WDBaseObject.m */,
				0156BC351C69989A00B6FE4D /* WDBook.h */,
				0156BC361C69989A00B6FE4D /* WDBook.m */,
				0156BC371C69989A00B6FE4D /* WDBox.h */,
				0156BC381C69989A00B6FE4D /* WDBox.m */,
				0156BC391C69989A00B6FE4D /* WDDog.h */,
				0156BC3A1C69989A00B6FE4D /* WDDog.m */,
				0156BC3F1C69989A00B6FE4D /* WDStatus.h */,
				0156BC401C69989A00B6FE4D /* WDStatus.m */,
				0156BC411C69989A00B6FE4D /* WDStatusResult.h */,
				0156BC421C69989A00B6FE4D /* WDStatusResult.m */,
				0156BC431C69989A00B6FE4D /* WDStudent.h */,
				0156BC441C69989A00B6FE4D /* WDStudent.m */,
				0156BC451C69989A00B6FE4D /* WDUser.h */,
				0156BC461C69989A00B6FE4D /* WDUser.m */,
			);
			path = Model;
			sourceTree = "<group>";
		};
		0156BC531C6998FD00B6FE4D /* WDJsonKit */ = {
			isa = PBXGroup;
			children = (
				01F46A691D3400B900205B1E /* fmdb */,
				01F46A2A1D33FF4200205B1E /* Category */,
				01F46A311D33FF4200205B1E /* Common */,
				01F46A3A1D33FF4200205B1E /* Const */,
				01F46A3D1D33FF4200205B1E /* DBOperation */,
				01F46A4D1D33FF4200205B1E /* Manager */,
				01F46A521D33FF4200205B1E /* Protocol */,
				01F46A541D33FF4200205B1E /* WDCache */,
				0156BC6D1C6998FD00B6FE4D /* WDJsonKit.h */,
			);
			path = WDJsonKit;
			sourceTree = "<group>";
		};
		0156BC8B1C69A0BE00B6FE4D /* FrameWork */ = {
			isa = PBXGroup;
			children = (
			);
			path = FrameWork;
			sourceTree = "<group>";
		};
		0156BC8F1C69AACA00B6FE4D /* Image */ = {
			isa = PBXGroup;
			children = (
				017D827F1C75667900D224CD /* image_01.png */,
				017D82801C75667900D224CD /* image_02.png */,
				017D82811C75667900D224CD /* image_03.png */,
				017D82821C75667900D224CD /* image_04.png */,
				017D82831C75667900D224CD /* image_05.png */,
			);
			path = Image;
			sourceTree = "<group>";
		};
		01F46A2A1D33FF4200205B1E /* Category */ = {
			isa = PBXGroup;
			children = (
				01F46A2B1D33FF4200205B1E /* NSDate+WDJsonKit.h */,
				01F46A2C1D33FF4200205B1E /* NSDate+WDJsonKit.m */,
				01F46A2D1D33FF4200205B1E /* NSObject+WDJsonKit.h */,
				01F46A2E1D33FF4200205B1E /* NSObject+WDJsonKit.m */,
				01F46A2F1D33FF4200205B1E /* NSString+WDJsonKit.h */,
				01F46A301D33FF4200205B1E /* NSString+WDJsonKit.m */,
			);
			path = Category;
			sourceTree = "<group>";
		};
		01F46A311D33FF4200205B1E /* Common */ = {
			isa = PBXGroup;
			children = (
				01F46A321D33FF4200205B1E /* WDClassInfo.h */,
				01F46A331D33FF4200205B1E /* WDClassInfo.m */,
				01F46A341D33FF4200205B1E /* WDMappingKey.h */,
				01F46A351D33FF4200205B1E /* WDMappingKey.m */,
				01F46A361D33FF4200205B1E /* WDPropertyInfo.h */,
				01F46A371D33FF4200205B1E /* WDPropertyInfo.m */,
				01F46A381D33FF4200205B1E /* WDPropertyTypeInfo.h */,
				01F46A391D33FF4200205B1E /* WDPropertyTypeInfo.m */,
			);
			path = Common;
			sourceTree = "<group>";
		};
		01F46A3A1D33FF4200205B1E /* Const */ = {
			isa = PBXGroup;
			children = (
				01F46A3B1D33FF4200205B1E /* WDJsonKitConst.h */,
				01F46A3C1D33FF4200205B1E /* WDJsonKitConst.m */,
			);
			path = Const;
			sourceTree = "<group>";
		};
		01F46A3D1D33FF4200205B1E /* DBOperation */ = {
			isa = PBXGroup;
			children = (
				01F46A3E1D33FF4200205B1E /* WDDBOperation.h */,
				01F46A3F1D33FF4200205B1E /* WDDBOperation.m */,
			);
			path = DBOperation;
			sourceTree = "<group>";
		};
		01F46A4D1D33FF4200205B1E /* Manager */ = {
			isa = PBXGroup;
			children = (
				01F46A4E1D33FF4200205B1E /* WDFMDBManager.h */,
				01F46A4F1D33FF4200205B1E /* WDFMDBManager.m */,
				01F46A501D33FF4200205B1E /* WDJsonKitManager.h */,
				01F46A511D33FF4200205B1E /* WDJsonKitManager.m */,
			);
			path = Manager;
			sourceTree = "<group>";
		};
		01F46A521D33FF4200205B1E /* Protocol */ = {
			isa = PBXGroup;
			children = (
				01F46A531D33FF4200205B1E /* WDJsonKitProtocol.h */,
			);
			path = Protocol;
			sourceTree = "<group>";
		};
		01F46A541D33FF4200205B1E /* WDCache */ = {
			isa = PBXGroup;
			children = (
				01F46A551D33FF4200205B1E /* WDJsonKitCache.h */,
				01F46A561D33FF4200205B1E /* WDJsonKitCache.m */,
			);
			path = WDCache;
			sourceTree = "<group>";
		};
		01F46A691D3400B900205B1E /* fmdb */ = {
			isa = PBXGroup;
			children = (
				01F46A6A1D3400B900205B1E /* FMDatabase.h */,
				01F46A6B1D3400B900205B1E /* FMDatabase.m */,
				01F46A6C1D3400B900205B1E /* FMDatabaseAdditions.h */,
				01F46A6D1D3400B900205B1E /* FMDatabaseAdditions.m */,
				01F46A6E1D3400B900205B1E /* FMDatabasePool.h */,
				01F46A6F1D3400B900205B1E /* FMDatabasePool.m */,
				01F46A701D3400B900205B1E /* FMDatabaseQueue.h */,
				01F46A711D3400B900205B1E /* FMDatabaseQueue.m */,
				01F46A721D3400B900205B1E /* FMDB.h */,
				01F46A731D3400B900205B1E /* FMResultSet.h */,
				01F46A741D3400B900205B1E /* FMResultSet.m */,
			);
			path = fmdb;
			sourceTree = "<group>";
		};
/* End PBXGroup section */

/* Begin PBXNativeTarget section */
		0156BC131C69807200B6FE4D /* WDJsonKit */ = {
			isa = PBXNativeTarget;
			buildConfigurationList = 0156BC2B1C69807200B6FE4D /* Build configuration list for PBXNativeTarget "WDJsonKit" */;
			buildPhases = (
				0156BC101C69807200B6FE4D /* Sources */,
				0156BC111C69807200B6FE4D /* Frameworks */,
				0156BC121C69807200B6FE4D /* Resources */,
			);
			buildRules = (
			);
			dependencies = (
			);
			name = WDJsonKit;
			productName = WDJsonKit;
			productReference = 0156BC141C69807200B6FE4D /* WDJsonKit.app */;
			productType = "com.apple.product-type.application";
		};
/* End PBXNativeTarget section */

/* Begin PBXProject section */
		0156BC0C1C69807200B6FE4D /* Project object */ = {
			isa = PBXProject;
			attributes = {
				LastUpgradeCheck = 0720;
				ORGANIZATIONNAME = wd;
				TargetAttributes = {
					0156BC131C69807200B6FE4D = {
						CreatedOnToolsVersion = 7.2;
					};
				};
			};
			buildConfigurationList = 0156BC0F1C69807200B6FE4D /* Build configuration list for PBXProject "WDJsonKit" */;
			compatibilityVersion = "Xcode 3.2";
			developmentRegion = English;
			hasScannedForEncodings = 0;
			knownRegions = (
				en,
				Base,
			);
			mainGroup = 0156BC0B1C69807200B6FE4D;
			productRefGroup = 0156BC151C69807200B6FE4D /* Products */;
			projectDirPath = "";
			projectRoot = "";
			targets = (
				0156BC131C69807200B6FE4D /* WDJsonKit */,
			);
		};
/* End PBXProject section */

/* Begin PBXResourcesBuildPhase section */
		0156BC121C69807200B6FE4D /* Resources */ = {
			isa = PBXResourcesBuildPhase;
			buildActionMask = 2147483647;
			files = (
				017D82881C75667900D224CD /* image_05.png in Resources */,
				0156BC271C69807200B6FE4D /* LaunchScreen.storyboard in Resources */,
				017D82861C75667900D224CD /* image_03.png in Resources */,
				017D82841C75667900D224CD /* image_01.png in Resources */,
				017D82851C75667900D224CD /* image_02.png in Resources */,
				017D82871C75667900D224CD /* image_04.png in Resources */,
				0156BC241C69807200B6FE4D /* Assets.xcassets in Resources */,
				0156BC221C69807200B6FE4D /* Main.storyboard in Resources */,
			);
			runOnlyForDeploymentPostprocessing = 0;
		};
/* End PBXResourcesBuildPhase section */

/* Begin PBXSourcesBuildPhase section */
		0156BC101C69807200B6FE4D /* Sources */ = {
			isa = PBXSourcesBuildPhase;
			buildActionMask = 2147483647;
			files = (
				0156BC511C69989A00B6FE4D /* WDStudent.m in Sources */,
				01F46A671D33FF4200205B1E /* WDJsonKitManager.m in Sources */,
				0156BC501C69989A00B6FE4D /* WDStatusResult.m in Sources */,
				01F46A5E1D33FF4200205B1E /* WDJsonKitConst.m in Sources */,
				0156BC491C69989A00B6FE4D /* WDBaseObject.m in Sources */,
				0156BC1F1C69807200B6FE4D /* ViewController.m in Sources */,
				0156BC521C69989A00B6FE4D /* WDUser.m in Sources */,
				01F46A5B1D33FF4200205B1E /* WDMappingKey.m in Sources */,
				0156BC481C69989A00B6FE4D /* WDBag.m in Sources */,
				0156BC4F1C69989A00B6FE4D /* WDStatus.m in Sources */,
				01F46A5D1D33FF4200205B1E /* WDPropertyTypeInfo.m in Sources */,
				01F46A681D33FF4200205B1E /* WDJsonKitCache.m in Sources */,
				01F46A591D33FF4200205B1E /* NSString+WDJsonKit.m in Sources */,
				01F46A571D33FF4200205B1E /* NSDate+WDJsonKit.m in Sources */,
				01F46A5A1D33FF4200205B1E /* WDClassInfo.m in Sources */,
				01F46A751D3400B900205B1E /* FMDatabase.m in Sources */,
				01F46A661D33FF4200205B1E /* WDFMDBManager.m in Sources */,
				01F46A581D33FF4200205B1E /* NSObject+WDJsonKit.m in Sources */,
				0156BC4C1C69989A00B6FE4D /* WDDog.m in Sources */,
				0156BC471C69989A00B6FE4D /* WDAd.m in Sources */,
				0156BC1C1C69807200B6FE4D /* AppDelegate.m in Sources */,
				01F46A5C1D33FF4200205B1E /* WDPropertyInfo.m in Sources */,
				01F46A5F1D33FF4200205B1E /* WDDBOperation.m in Sources */,
				01F46A761D3400B900205B1E /* FMDatabaseAdditions.m in Sources */,
				01F46A791D3400B900205B1E /* FMResultSet.m in Sources */,
				0156BC191C69807200B6FE4D /* main.m in Sources */,
				01F46A771D3400B900205B1E /* FMDatabasePool.m in Sources */,
				0156BC4B1C69989A00B6FE4D /* WDBox.m in Sources */,
				0156BC4A1C69989A00B6FE4D /* WDBook.m in Sources */,
				01F46A781D3400B900205B1E /* FMDatabaseQueue.m in Sources */,
			);
			runOnlyForDeploymentPostprocessing = 0;
		};
/* End PBXSourcesBuildPhase section */

/* Begin PBXVariantGroup section */
		0156BC201C69807200B6FE4D /* Main.storyboard */ = {
			isa = PBXVariantGroup;
			children = (
				0156BC211C69807200B6FE4D /* Base */,
			);
			name = Main.storyboard;
			sourceTree = "<group>";
		};
		0156BC251C69807200B6FE4D /* LaunchScreen.storyboard */ = {
			isa = PBXVariantGroup;
			children = (
				0156BC261C69807200B6FE4D /* Base */,
			);
			name = LaunchScreen.storyboard;
			sourceTree = "<group>";
		};
/* End PBXVariantGroup section */

/* Begin XCBuildConfiguration section */
		0156BC291C69807200B6FE4D /* Debug */ = {
			isa = XCBuildConfiguration;
			buildSettings = {
				ALWAYS_SEARCH_USER_PATHS = NO;
				CLANG_CXX_LANGUAGE_STANDARD = "gnu++0x";
				CLANG_CXX_LIBRARY = "libc++";
				CLANG_ENABLE_MODULES = YES;
				CLANG_ENABLE_OBJC_ARC = YES;
				CLANG_WARN_BOOL_CONVERSION = YES;
				CLANG_WARN_CONSTANT_CONVERSION = YES;
				CLANG_WARN_DIRECT_OBJC_ISA_USAGE = YES_ERROR;
				CLANG_WARN_EMPTY_BODY = YES;
				CLANG_WARN_ENUM_CONVERSION = YES;
				CLANG_WARN_INT_CONVERSION = YES;
				CLANG_WARN_OBJC_ROOT_CLASS = YES_ERROR;
				CLANG_WARN_UNREACHABLE_CODE = YES;
				CLANG_WARN__DUPLICATE_METHOD_MATCH = YES;
				"CODE_SIGN_IDENTITY[sdk=iphoneos*]" = "iPhone Developer";
				COPY_PHASE_STRIP = NO;
				DEBUG_INFORMATION_FORMAT = dwarf;
				ENABLE_STRICT_OBJC_MSGSEND = YES;
				ENABLE_TESTABILITY = YES;
				GCC_C_LANGUAGE_STANDARD = gnu99;
				GCC_DYNAMIC_NO_PIC = NO;
				GCC_NO_COMMON_BLOCKS = YES;
				GCC_OPTIMIZATION_LEVEL = 0;
				GCC_PREPROCESSOR_DEFINITIONS = (
					"DEBUG=1",
					"$(inherited)",
				);
				GCC_WARN_64_TO_32_BIT_CONVERSION = YES;
				GCC_WARN_ABOUT_RETURN_TYPE = YES_ERROR;
				GCC_WARN_UNDECLARED_SELECTOR = YES;
				GCC_WARN_UNINITIALIZED_AUTOS = YES_AGGRESSIVE;
				GCC_WARN_UNUSED_FUNCTION = YES;
				GCC_WARN_UNUSED_VARIABLE = YES;
				IPHONEOS_DEPLOYMENT_TARGET = 7.1;
				MTL_ENABLE_DEBUG_INFO = YES;
				ONLY_ACTIVE_ARCH = YES;
				SDKROOT = iphoneos;
			};
			name = Debug;
		};
		0156BC2A1C69807200B6FE4D /* Release */ = {
			isa = XCBuildConfiguration;
			buildSettings = {
				ALWAYS_SEARCH_USER_PATHS = NO;
				CLANG_CXX_LANGUAGE_STANDARD = "gnu++0x";
				CLANG_CXX_LIBRARY = "libc++";
				CLANG_ENABLE_MODULES = YES;
				CLANG_ENABLE_OBJC_ARC = YES;
				CLANG_WARN_BOOL_CONVERSION = YES;
				CLANG_WARN_CONSTANT_CONVERSION = YES;
				CLANG_WARN_DIRECT_OBJC_ISA_USAGE = YES_ERROR;
				CLANG_WARN_EMPTY_BODY = YES;
				CLANG_WARN_ENUM_CONVERSION = YES;
				CLANG_WARN_INT_CONVERSION = YES;
				CLANG_WARN_OBJC_ROOT_CLASS = YES_ERROR;
				CLANG_WARN_UNREACHABLE_CODE = YES;
				CLANG_WARN__DUPLICATE_METHOD_MATCH = YES;
				"CODE_SIGN_IDENTITY[sdk=iphoneos*]" = "iPhone Developer";
				COPY_PHASE_STRIP = NO;
				DEBUG_INFORMATION_FORMAT = "dwarf-with-dsym";
				ENABLE_NS_ASSERTIONS = NO;
				ENABLE_STRICT_OBJC_MSGSEND = YES;
				GCC_C_LANGUAGE_STANDARD = gnu99;
				GCC_NO_COMMON_BLOCKS = YES;
				GCC_WARN_64_TO_32_BIT_CONVERSION = YES;
				GCC_WARN_ABOUT_RETURN_TYPE = YES_ERROR;
				GCC_WARN_UNDECLARED_SELECTOR = YES;
				GCC_WARN_UNINITIALIZED_AUTOS = YES_AGGRESSIVE;
				GCC_WARN_UNUSED_FUNCTION = YES;
				GCC_WARN_UNUSED_VARIABLE = YES;
				IPHONEOS_DEPLOYMENT_TARGET = 7.1;
				MTL_ENABLE_DEBUG_INFO = NO;
				SDKROOT = iphoneos;
				VALIDATE_PRODUCT = YES;
			};
			name = Release;
		};
		0156BC2C1C69807200B6FE4D /* Debug */ = {
			isa = XCBuildConfiguration;
			buildSettings = {
				ASSETCATALOG_COMPILER_APPICON_NAME = AppIcon;
				INFOPLIST_FILE = WDJsonKit/Info.plist;
				IPHONEOS_DEPLOYMENT_TARGET = 7.1;
				LD_RUNPATH_SEARCH_PATHS = "$(inherited) @executable_path/Frameworks";
				PRODUCT_BUNDLE_IDENTIFIER = wd.WDJsonKit;
				PRODUCT_NAME = "$(TARGET_NAME)";
			};
			name = Debug;
		};
		0156BC2D1C69807200B6FE4D /* Release */ = {
			isa = XCBuildConfiguration;
			buildSettings = {
				ASSETCATALOG_COMPILER_APPICON_NAME = AppIcon;
				INFOPLIST_FILE = WDJsonKit/Info.plist;
				IPHONEOS_DEPLOYMENT_TARGET = 7.1;
				LD_RUNPATH_SEARCH_PATHS = "$(inherited) @executable_path/Frameworks";
				PRODUCT_BUNDLE_IDENTIFIER = wd.WDJsonKit;
				PRODUCT_NAME = "$(TARGET_NAME)";
			};
			name = Release;
		};
/* End XCBuildConfiguration section */

/* Begin XCConfigurationList section */
		0156BC0F1C69807200B6FE4D /* Build configuration list for PBXProject "WDJsonKit" */ = {
			isa = XCConfigurationList;
			buildConfigurations = (
				0156BC291C69807200B6FE4D /* Debug */,
				0156BC2A1C69807200B6FE4D /* Release */,
			);
			defaultConfigurationIsVisible = 0;
			defaultConfigurationName = Release;
		};
		0156BC2B1C69807200B6FE4D /* Build configuration list for PBXNativeTarget "WDJsonKit" */ = {
			isa = XCConfigurationList;
			buildConfigurations = (
				0156BC2C1C69807200B6FE4D /* Debug */,
				0156BC2D1C69807200B6FE4D /* Release */,
			);
			defaultConfigurationIsVisible = 0;
			defaultConfigurationName = Release;
		};
/* End XCConfigurationList section */
	};
	rootObject = 0156BC0C1C69807200B6FE4D /* Project object */;
}
